
Microsoft Visual Studio Solution File, Format Version 12.00
# Visual Studio Version 17
VisualStudioVersion = 17.11.35017.193
MinimumVisualStudioVersion = 10.0.40219.1
Project("{2150E333-8FDC-42A3-9474-1A3956D46DE8}") = "Notification Manager", "Notification Manager", "{3D0DE0C4-0991-45D2-99EB-F8D3A0C86493}"
EndProject
Project("{9A19103F-16F7-4668-BE54-9A1E7A4F7556}") = "NotificationManager.Services", "NotificationManager\NotificationManager.Services\NotificationManager.Services.csproj", "{AEE0DBEF-FC4C-4956-9EB5-36EE5C182244}"
EndProject
Project("{2150E333-8FDC-42A3-9474-1A3956D46DE8}") = "Core", "Core", "{1E354706-6B01-47EA-B17E-5B9F5A09ECBD}"
EndProject
Project("{9A19103F-16F7-4668-BE54-9A1E7A4F7556}") = "Messaging", "Core\Messaging\Messaging.csproj", "{861D82E6-43C0-40D5-ADA3-520726A95309}"
EndProject
Project("{9A19103F-16F7-4668-BE54-9A1E7A4F7556}") = "NotificationManager.Functions", "NotificationManager\NotificationManager.Functions\NotificationManager.Functions.csproj", "{A5F137BA-F962-43D7-9F1C-67428C985EED}"
EndProject
Project("{2150E333-8FDC-42A3-9474-1A3956D46DE8}") = "Inventory Manager", "Inventory Manager", "{741E6486-8E6A-4136-A70C-2ED01785AE67}"
EndProject
Project("{9A19103F-16F7-4668-BE54-9A1E7A4F7556}") = "InventoryManager.Services", "InventoryManager.Services\InventoryManager.Services.csproj", "{BE7A5379-89B2-4FCF-8F1F-D354B4B0DD15}"
EndProject
Project("{9A19103F-16F7-4668-BE54-9A1E7A4F7556}") = "InventoryManager.Functions", "InventoryManager\InventoryManager.Functions\InventoryManager.Functions.csproj", "{E31FD907-0627-4B54-945C-BC7B368D60B1}"
EndProject
Project("{2150E333-8FDC-42A3-9474-1A3956D46DE8}") = "Production Schedule", "Production Schedule", "{792C7460-6FA5-4170-8F59-886BD60585CE}"
EndProject
Project("{FAE04EC0-301F-11D3-BF4B-00C04F79EFBC}") = "ProductionScheduleFacade", "ProductionSchedule\ProductionScheduleFacade\ProductionScheduleFacade.csproj", "{A74CDF59-AD1D-4425-B0C9-B4CA29499FC3}"
EndProject
Project("{FAE04EC0-301F-11D3-BF4B-00C04F79EFBC}") = "ProductionScheduleFacade.Services", "ProductionScheduleFacade.Services\ProductionScheduleFacade.Services.csproj", "{0889427C-61EC-4B2E-949C-63F70A7D0C82}"
EndProject
Project("{FAE04EC0-301F-11D3-BF4B-00C04F79EFBC}") = "Responses", "Core\Responses\Responses.csproj", "{2837AE87-99A8-4247-B3B0-53E68CDBE1B7}"
EndProject
Project("{2150E333-8FDC-42A3-9474-1A3956D46DE8}") = "OrderNextCore", "OrderNextCore", "{FF683084-C590-444E-BCE3-333AB72AA457}"
EndProject
Project("{FAE04EC0-301F-11D3-BF4B-00C04F79EFBC}") = "OrderNextCore.Services", "OrderNextCore\OrderNextCore.Services\OrderNextCore.Services.csproj", "{5F0BA7B1-C321-44D3-B906-C4443089C397}"
EndProject
Project("{FAE04EC0-301F-11D3-BF4B-00C04F79EFBC}") = "OrderNextCore.Functions", "OrderNextCore\OrderNextCore.Functions\OrderNextCore.Functions.csproj", "{56690729-CB18-43E9-82C4-632CDFAC807D}"
EndProject
Global
	GlobalSection(SolutionConfigurationPlatforms) = preSolution
		Debug|Any CPU = Debug|Any CPU
		Release|Any CPU = Release|Any CPU
	EndGlobalSection
	GlobalSection(ProjectConfigurationPlatforms) = postSolution
		{AEE0DBEF-FC4C-4956-9EB5-36EE5C182244}.Debug|Any CPU.ActiveCfg = Debug|Any CPU
		{AEE0DBEF-FC4C-4956-9EB5-36EE5C182244}.Debug|Any CPU.Build.0 = Debug|Any CPU
		{AEE0DBEF-FC4C-4956-9EB5-36EE5C182244}.Release|Any CPU.ActiveCfg = Release|Any CPU
		{AEE0DBEF-FC4C-4956-9EB5-36EE5C182244}.Release|Any CPU.Build.0 = Release|Any CPU
		{861D82E6-43C0-40D5-ADA3-520726A95309}.Debug|Any CPU.ActiveCfg = Debug|Any CPU
		{861D82E6-43C0-40D5-ADA3-520726A95309}.Debug|Any CPU.Build.0 = Debug|Any CPU
		{861D82E6-43C0-40D5-ADA3-520726A95309}.Release|Any CPU.ActiveCfg = Release|Any CPU
		{861D82E6-43C0-40D5-ADA3-520726A95309}.Release|Any CPU.Build.0 = Release|Any CPU
		{A5F137BA-F962-43D7-9F1C-67428C985EED}.Debug|Any CPU.ActiveCfg = Debug|Any CPU
		{A5F137BA-F962-43D7-9F1C-67428C985EED}.Debug|Any CPU.Build.0 = Debug|Any CPU
		{A5F137BA-F962-43D7-9F1C-67428C985EED}.Release|Any CPU.ActiveCfg = Release|Any CPU
		{A5F137BA-F962-43D7-9F1C-67428C985EED}.Release|Any CPU.Build.0 = Release|Any CPU
		{BE7A5379-89B2-4FCF-8F1F-D354B4B0DD15}.Debug|Any CPU.ActiveCfg = Debug|Any CPU
		{BE7A5379-89B2-4FCF-8F1F-D354B4B0DD15}.Debug|Any CPU.Build.0 = Debug|Any CPU
		{BE7A5379-89B2-4FCF-8F1F-D354B4B0DD15}.Release|Any CPU.ActiveCfg = Release|Any CPU
		{BE7A5379-89B2-4FCF-8F1F-D354B4B0DD15}.Release|Any CPU.Build.0 = Release|Any CPU
		{E31FD907-0627-4B54-945C-BC7B368D60B1}.Debug|Any CPU.ActiveCfg = Debug|Any CPU
		{E31FD907-0627-4B54-945C-BC7B368D60B1}.Debug|Any CPU.Build.0 = Debug|Any CPU
		{E31FD907-0627-4B54-945C-BC7B368D60B1}.Release|Any CPU.ActiveCfg = Release|Any CPU
		{E31FD907-0627-4B54-945C-BC7B368D60B1}.Release|Any CPU.Build.0 = Release|Any CPU
		{A74CDF59-AD1D-4425-B0C9-B4CA29499FC3}.Debug|Any CPU.ActiveCfg = Debug|Any CPU
		{A74CDF59-AD1D-4425-B0C9-B4CA29499FC3}.Debug|Any CPU.Build.0 = Debug|Any CPU
		{A74CDF59-AD1D-4425-B0C9-B4CA29499FC3}.Release|Any CPU.ActiveCfg = Release|Any CPU
		{A74CDF59-AD1D-4425-B0C9-B4CA29499FC3}.Release|Any CPU.Build.0 = Release|Any CPU
		{0889427C-61EC-4B2E-949C-63F70A7D0C82}.Debug|Any CPU.ActiveCfg = Debug|Any CPU
		{0889427C-61EC-4B2E-949C-63F70A7D0C82}.Debug|Any CPU.Build.0 = Debug|Any CPU
		{0889427C-61EC-4B2E-949C-63F70A7D0C82}.Release|Any CPU.ActiveCfg = Release|Any CPU
		{0889427C-61EC-4B2E-949C-63F70A7D0C82}.Release|Any CPU.Build.0 = Release|Any CPU
		{2837AE87-99A8-4247-B3B0-53E68CDBE1B7}.Debug|Any CPU.ActiveCfg = Debug|Any CPU
		{2837AE87-99A8-4247-B3B0-53E68CDBE1B7}.Debug|Any CPU.Build.0 = Debug|Any CPU
		{2837AE87-99A8-4247-B3B0-53E68CDBE1B7}.Release|Any CPU.ActiveCfg = Release|Any CPU
		{2837AE87-99A8-4247-B3B0-53E68CDBE1B7}.Release|Any CPU.Build.0 = Release|Any CPU
		{5F0BA7B1-C321-44D3-B906-C4443089C397}.Debug|Any CPU.ActiveCfg = Debug|Any CPU
		{5F0BA7B1-C321-44D3-B906-C4443089C397}.Debug|Any CPU.Build.0 = Debug|Any CPU
		{5F0BA7B1-C321-44D3-B906-C4443089C397}.Release|Any CPU.ActiveCfg = Release|Any CPU
		{5F0BA7B1-C321-44D3-B906-C4443089C397}.Release|Any CPU.Build.0 = Release|Any CPU
		{56690729-CB18-43E9-82C4-632CDFAC807D}.Debug|Any CPU.ActiveCfg = Debug|Any CPU
		{56690729-CB18-43E9-82C4-632CDFAC807D}.Debug|Any CPU.Build.0 = Debug|Any CPU
		{56690729-CB18-43E9-82C4-632CDFAC807D}.Release|Any CPU.ActiveCfg = Release|Any CPU
		{56690729-CB18-43E9-82C4-632CDFAC807D}.Release|Any CPU.Build.0 = Release|Any CPU
	EndGlobalSection
	GlobalSection(SolutionProperties) = preSolution
		HideSolutionNode = FALSE
	EndGlobalSection
	GlobalSection(NestedProjects) = preSolution
		{AEE0DBEF-FC4C-4956-9EB5-36EE5C182244} = {3D0DE0C4-0991-45D2-99EB-F8D3A0C86493}
		{861D82E6-43C0-40D5-ADA3-520726A95309} = {1E354706-6B01-47EA-B17E-5B9F5A09ECBD}
		{A5F137BA-F962-43D7-9F1C-67428C985EED} = {3D0DE0C4-0991-45D2-99EB-F8D3A0C86493}
		{BE7A5379-89B2-4FCF-8F1F-D354B4B0DD15} = {741E6486-8E6A-4136-A70C-2ED01785AE67}
		{E31FD907-0627-4B54-945C-BC7B368D60B1} = {741E6486-8E6A-4136-A70C-2ED01785AE67}
		{A74CDF59-AD1D-4425-B0C9-B4CA29499FC3} = {792C7460-6FA5-4170-8F59-886BD60585CE}
		{0889427C-61EC-4B2E-949C-63F70A7D0C82} = {792C7460-6FA5-4170-8F59-886BD60585CE}
		{2837AE87-99A8-4247-B3B0-53E68CDBE1B7} = {1E354706-6B01-47EA-B17E-5B9F5A09ECBD}
		{5F0BA7B1-C321-44D3-B906-C4443089C397} = {FF683084-C590-444E-BCE3-333AB72AA457}
		{56690729-CB18-43E9-82C4-632CDFAC807D} = {FF683084-C590-444E-BCE3-333AB72AA457}
	EndGlobalSection
	GlobalSection(ExtensibilityGlobals) = postSolution
		SolutionGuid = {C2FC22BC-8848-4389-B8FC-B2A0C4AEBAEA}
	EndGlobalSection
EndGlobal
